// !$*UTF8*$!
{
	archiveVersion = 1;
	classes = {
	};
	objectVersion = 77;
	objects = {

/* Begin PBXBuildFile section */
		9E1C104E2DFB08100081E56D /* BlendError.swift in Sources */ = {isa = PBXBuildFile; fileRef = 9E1C104D2DFB08100081E56D /* BlendError.swift */; };
		9E1C10542DFB0C800081E56D /* Logger.swift in Sources */ = {isa = PBXBuildFile; fileRef = 9E1C10532DFB0C800081E56D /* Logger.swift */; };
		9E1C12362DFB2F950081E56D /* ContractCallParams.swift in Sources */ = {isa = PBXBuildFile; fileRef = 9E1C12352DFB2F950081E56D /* ContractCallParams.swift */; };
		9E1C123D2DFB33980081E56D /* BlendParsingError.swift in Sources */ = {isa = PBXBuildFile; fileRef = 9E1C12392DFB33980081E56D /* BlendParsingError.swift */; };
		9E1C123E2DFB33980081E56D /* SCValXDRExtensions.swift in Sources */ = {isa = PBXBuildFile; fileRef = 9E1C123A2DFB33980081E56D /* SCValXDRExtensions.swift */; };
		9E1C123F2DFB33980081E56D /* SCValXDRParsingDemo.swift in Sources */ = {isa = PBXBuildFile; fileRef = 9E1C123B2DFB33980081E56D /* SCValXDRParsingDemo.swift */; };
		9E1C12402DFB33980081E56D /* BlendParsingContext.swift in Sources */ = {isa = PBXBuildFile; fileRef = 9E1C12382DFB33980081E56D /* BlendParsingContext.swift */; };
		9E1C12412DFB33980081E56D /* BlendParser.swift in Sources */ = {isa = PBXBuildFile; fileRef = 9E1C12372DFB33980081E56D /* BlendParser.swift */; };
		9E1C12452DFB33A70081E56D /* SimulateTransactionResult.swift in Sources */ = {isa = PBXBuildFile; fileRef = 9E1C12442DFB33A70081E56D /* SimulateTransactionResult.swift */; };
		9E1C12462DFB33A70081E56D /* SimulateHostFunctionResult.swift in Sources */ = {isa = PBXBuildFile; fileRef = 9E1C12422DFB33A70081E56D /* SimulateHostFunctionResult.swift */; };
		9E1C12472DFB33A70081E56D /* SimulateTransactionResponse.swift in Sources */ = {isa = PBXBuildFile; fileRef = 9E1C12432DFB33A70081E56D /* SimulateTransactionResponse.swift */; };
		9E7C24272DEAAAB5007C181D /* BlendFinancialCalculator.swift in Sources */ = {isa = PBXBuildFile; fileRef = 9E7C24262DEAAAB5007C181D /* BlendFinancialCalculator.swift */; };
		9E7C24372DEAAE0D007C181D /* BackstopContractService+Functions.swift in Sources */ = {isa = PBXBuildFile; fileRef = 9E7C242B2DEAAE0D007C181D /* BackstopContractService+Functions.swift */; };
		9E7C24382DEAAE0D007C181D /* BackstopContractServiceProtocol.swift in Sources */ = {isa = PBXBuildFile; fileRef = 9E7C24312DEAAE0D007C181D /* BackstopContractServiceProtocol.swift */; };
		9E7C24392DEAAE0D007C181D /* BackstopContractService+Parsing.swift in Sources */ = {isa = PBXBuildFile; fileRef = 9E7C242C2DEAAE0D007C181D /* BackstopContractService+Parsing.swift */; };
		9E7C243A2DEAAE0D007C181D /* BackstopContractService+Utils.swift in Sources */ = {isa = PBXBuildFile; fileRef = 9E7C242D2DEAAE0D007C181D /* BackstopContractService+Utils.swift */; };
		9E7C243B2DEAAE0D007C181D /* BackstopContractService.swift in Sources */ = {isa = PBXBuildFile; fileRef = 9E7C24332DEAAE0D007C181D /* BackstopContractService.swift */; };
		9E7C243C2DEAAE0D007C181D /* BackstopModels.swift in Sources */ = {isa = PBXBuildFile; fileRef = 9E7C242F2DEAAE0D007C181D /* BackstopModels.swift */; };
		9E7C243D2DEAAE0D007C181D /* README.md in Resources */ = {isa = PBXBuildFile; fileRef = 9E7C24352DEAAE0D007C181D /* README.md */; };
		9E93884E2DF3519B0015BE14 /* CacheServiceProtocol.swift in Sources */ = {isa = PBXBuildFile; fileRef = 9E93884D2DF3519B0015BE14 /* CacheServiceProtocol.swift */; };
		9E9388502DF353730015BE14 /* BlendVaultError.swift in Sources */ = {isa = PBXBuildFile; fileRef = 9E93884F2DF353730015BE14 /* BlendVaultError.swift */; };
		9E9388532DF745190015BE14 /* stellarsdk in Frameworks */ = {isa = PBXBuildFile; productRef = 9E9388522DF745190015BE14 /* stellarsdk */; };
		9E97819E2DE68E6C009333AD /* RetryConfiguration.swift in Sources */ = {isa = PBXBuildFile; fileRef = 9E9781932DE68E6C009333AD /* RetryConfiguration.swift */; };
		9E9781A42DE68E6C009333AD /* TimeoutConfiguration.swift in Sources */ = {isa = PBXBuildFile; fileRef = 9E9781942DE68E6C009333AD /* TimeoutConfiguration.swift */; };
		9E9781B22DE68F7F009333AD /* BlendVault.swift in Sources */ = {isa = PBXBuildFile; fileRef = 9E9781B02DE68F7F009333AD /* BlendVault.swift */; };
		9EA449D02DF0FF3C00F6CC6D /* UserPositionService.swift in Sources */ = {isa = PBXBuildFile; fileRef = 9EA449CC2DF0FF3C00F6CC6D /* UserPositionService.swift */; };
		9EA449D12DF0FF3C00F6CC6D /* UserPositionServiceFactory.swift in Sources */ = {isa = PBXBuildFile; fileRef = 9EA449CD2DF0FF3C00F6CC6D /* UserPositionServiceFactory.swift */; };
		9EA449D22DF0FF3C00F6CC6D /* UserPositionServiceProtocol.swift in Sources */ = {isa = PBXBuildFile; fileRef = 9EA449CE2DF0FF3C00F6CC6D /* UserPositionServiceProtocol.swift */; };
		9EAD3EED2DF7BDF600029CE7 /* SorobanTypes.swift in Sources */ = {isa = PBXBuildFile; fileRef = 9EAD3EEC2DF7BDF600029CE7 /* SorobanTypes.swift */; };
		9EAD3EF22DF7D1F000029CE7 /* OracleContractFunction.swift in Sources */ = {isa = PBXBuildFile; fileRef = 9EAD3EEE2DF7D1F000029CE7 /* OracleContractFunction.swift */; };
		9EAD3EF42DF7D1F000029CE7 /* OracleNetworkService.swift in Sources */ = {isa = PBXBuildFile; fileRef = 9EAD3EEF2DF7D1F000029CE7 /* OracleNetworkService.swift */; };
		9EAD3EF62DF7D31400029CE7 /* NetworkServiceProtocol.swift in Sources */ = {isa = PBXBuildFile; fileRef = 9EAD3EF52DF7D31400029CE7 /* NetworkServiceProtocol.swift */; };
		9ECC79BA2DDFF32A00530B03 /* stellarsdk in Frameworks */ = {isa = PBXBuildFile; productRef = 9ECC79B92DDFF32A00530B03 /* stellarsdk */; };
		9ED8DAF32DE5240300CB0059 /* BlendOracleService.swift in Sources */ = {isa = PBXBuildFile; fileRef = 9ED8DAAF2DE5240300CB0059 /* BlendOracleService.swift */; };
		9ED8DAF62DE5240300CB0059 /* NetworkService.swift in Sources */ = {isa = PBXBuildFile; fileRef = 9ED8DAC92DE5240300CB0059 /* NetworkService.swift */; };
		9ED8DAF92DE5240300CB0059 /* BlendOracleServiceProtocol.swift in Sources */ = {isa = PBXBuildFile; fileRef = 9ED8DAB02DE5240300CB0059 /* BlendOracleServiceProtocol.swift */; };
		9ED8DAFA2DE5240300CB0059 /* BlendApp.swift in Sources */ = {isa = PBXBuildFile; fileRef = 9ED8DAAC2DE5240300CB0059 /* BlendApp.swift */; };
		9ED8DAFD2DE5240300CB0059 /* CacheService.swift in Sources */ = {isa = PBXBuildFile; fileRef = 9ED8DABB2DE5240300CB0059 /* CacheService.swift */; };
		9ED8DAFE2DE5240300CB0059 /* DebugLogView.swift in Sources */ = {isa = PBXBuildFile; fileRef = 9ED8DABE2DE5240300CB0059 /* DebugLogView.swift */; };
		9ED8DB0D2DE5240300CB0059 /* BlendRateCalculatorProtocol.swift in Sources */ = {isa = PBXBuildFile; fileRef = 9ED8DAB42DE5240300CB0059 /* BlendRateCalculatorProtocol.swift */; };
		9ED8DB0E2DE5240300CB0059 /* FixedMath.swift in Sources */ = {isa = PBXBuildFile; fileRef = 9ED8DAC52DE5240300CB0059 /* FixedMath.swift */; };
		9ED8DB162DE5240300CB0059 /* Blendv3App.swift in Sources */ = {isa = PBXBuildFile; fileRef = 9ED8DAB92DE5240300CB0059 /* Blendv3App.swift */; };
		9ED8DB182DE5240300CB0059 /* BlendConstants.swift in Sources */ = {isa = PBXBuildFile; fileRef = 9ED8DAB72DE5240300CB0059 /* BlendConstants.swift */; };
		9ED8DB232DE5240300CB0059 /* BlendRateCalculator.swift in Sources */ = {isa = PBXBuildFile; fileRef = 9ED8DAB32DE5240300CB0059 /* BlendRateCalculator.swift */; };
		9ED8DB252DE5240300CB0059 /* SmartContractDebugSystem-README.md in Resources */ = {isa = PBXBuildFile; fileRef = 9ED8DADD2DE5240300CB0059 /* SmartContractDebugSystem-README.md */; };
		9ED8DB262DE5240300CB0059 /* DEVELOPER_QUICK_START.md in Resources */ = {isa = PBXBuildFile; fileRef = 9ED8DAC22DE5240300CB0059 /* DEVELOPER_QUICK_START.md */; };
		9ED8DB282DE5240300CB0059 /* blend_protocol_technical_analysis.md in Resources */ = {isa = PBXBuildFile; fileRef = 9ED8DAA92DE5240300CB0059 /* blend_protocol_technical_analysis.md */; };
		9ED8DB2A2DE5240300CB0059 /* POOL_STATS_GUIDE.md in Resources */ = {isa = PBXBuildFile; fileRef = 9ED8DACB2DE5240300CB0059 /* POOL_STATS_GUIDE.md */; };
		9ED8DB2B2DE5240300CB0059 /* SmartContractInspector-README.md in Resources */ = {isa = PBXBuildFile; fileRef = 9ED8DAE72DE5240300CB0059 /* SmartContractInspector-README.md */; };
		9ED8DB2D2DE5240300CB0059 /* IMPLEMENTATION_SUMMARY.md in Resources */ = {isa = PBXBuildFile; fileRef = 9ED8DAC62DE5240300CB0059 /* IMPLEMENTATION_SUMMARY.md */; };
		9ED8DB2F2DE5240300CB0059 /* POOL_STATS_IMPLEMENTATION_PLAN.md in Resources */ = {isa = PBXBuildFile; fileRef = 9ED8DACC2DE5240300CB0059 /* POOL_STATS_IMPLEMENTATION_PLAN.md */; };
		9ED8DB312DE5240300CB0059 /* SmartContractExplorer-README.md in Resources */ = {isa = PBXBuildFile; fileRef = 9ED8DAE32DE5240300CB0059 /* SmartContractExplorer-README.md */; };
		9ED8DB322DE5240300CB0059 /* DataAvailabilityAnalysis.md in Resources */ = {isa = PBXBuildFile; fileRef = 9ED8DABD2DE5240300CB0059 /* DataAvailabilityAnalysis.md */; };
		9ED8DB342DE5240300CB0059 /* Preview Assets.xcassets in Resources */ = {isa = PBXBuildFile; fileRef = 9ED8DACF2DE5240300CB0059 /* Preview Assets.xcassets */; };
		9ED8DB502DE5426500CB0059 /* BackstopStatus.swift in Sources */ = {isa = PBXBuildFile; fileRef = 9ED8DB4F2DE5426500CB0059 /* BackstopStatus.swift */; };
		9ED8DB652DE5458200CB0059 /* InterestRateConfig.swift in Sources */ = {isa = PBXBuildFile; fileRef = 9ED8DB642DE5458200CB0059 /* InterestRateConfig.swift */; };
		9ED8DB672DE54FCA00CB0059 /* StellarContractID.swift in Sources */ = {isa = PBXBuildFile; fileRef = 9ED8DB662DE54FCA00CB0059 /* StellarContractID.swift */; };
		9EDE64F92DE7035400B63E09 /* PriceData.swift in Sources */ = {isa = PBXBuildFile; fileRef = 9EDE64F82DE7035400B63E09 /* PriceData.swift */; };
		9EDE64FD2DE7038C00B63E09 /* PoolConfig.swift in Sources */ = {isa = PBXBuildFile; fileRef = 9EDE64FC2DE7038C00B63E09 /* PoolConfig.swift */; };
		9EDE64FF2DE703A100B63E09 /* AssetPosition.swift in Sources */ = {isa = PBXBuildFile; fileRef = 9EDE64FE2DE703A100B63E09 /* AssetPosition.swift */; };
		9EDE65012DE703B600B63E09 /* OraclePrice.swift in Sources */ = {isa = PBXBuildFile; fileRef = 9EDE65002DE703B600B63E09 /* OraclePrice.swift */; };
		9EDE65032DE703CF00B63E09 /* UserPositionData.swift in Sources */ = {isa = PBXBuildFile; fileRef = 9EDE65022DE703CF00B63E09 /* UserPositionData.swift */; };
		9EDE65102DE712A200B63E09 /* OracleError.swift in Sources */ = {isa = PBXBuildFile; fileRef = 9EDE650F2DE712A200B63E09 /* OracleError.swift */; };
		9EDE65112DE712A200B63E09 /* OracleAsset.swift in Sources */ = {isa = PBXBuildFile; fileRef = 9EDE650E2DE712A200B63E09 /* OracleAsset.swift */; };
		9EDE65152DE729DD00B63E09 /* SorobanTransactionSimulator.swift in Sources */ = {isa = PBXBuildFile; fileRef = 9EDE65142DE729DD00B63E09 /* SorobanTransactionSimulator.swift */; };
		9EDE651F2DE773DB00B63E09 /* PoolService.swift in Sources */ = {isa = PBXBuildFile; fileRef = 9EDE651E2DE773DB00B63E09 /* PoolService.swift */; };
		9EDE65212DE9220B00B63E09 /* BlendAssetData.swift in Sources */ = {isa = PBXBuildFile; fileRef = 9EDE65202DE9220B00B63E09 /* BlendAssetData.swift */; };
		9EDE65232DE9225900B63E09 /* BlendParser1.swift in Sources */ = {isa = PBXBuildFile; fileRef = 9EDE65222DE9225400B63E09 /* BlendParser1.swift */; };
		9EDE65252DE9246700B63E09 /* BlendAssetService.swift in Sources */ = {isa = PBXBuildFile; fileRef = 9EDE65242DE9246000B63E09 /* BlendAssetService.swift */; };
		9EDE65272DE9338D00B63E09 /* PoolServiceProtocol.swift in Sources */ = {isa = PBXBuildFile; fileRef = 9EDE65262DE9338D00B63E09 /* PoolServiceProtocol.swift */; };
/* End PBXBuildFile section */

/* Begin PBXContainerItemProxy section */
		9EE4A0FA2DDFB93A004BD597 /* PBXContainerItemProxy */ = {
			isa = PBXContainerItemProxy;
			containerPortal = 9EE4A0E12DDFB939004BD597 /* Project object */;
			proxyType = 1;
			remoteGlobalIDString = 9EE4A0E82DDFB939004BD597;
			remoteInfo = Blendv3;
		};
		9EE4A1042DDFB93A004BD597 /* PBXContainerItemProxy */ = {
			isa = PBXContainerItemProxy;
			containerPortal = 9EE4A0E12DDFB939004BD597 /* Project object */;
			proxyType = 1;
			remoteGlobalIDString = 9EE4A0E82DDFB939004BD597;
			remoteInfo = Blendv3;
		};
/* End PBXContainerItemProxy section */

/* Begin PBXFileReference section */
		9E1C104D2DFB08100081E56D /* BlendError.swift */ = {isa = PBXFileReference; lastKnownFileType = sourcecode.swift; path = BlendError.swift; sourceTree = "<group>"; };
		9E1C10532DFB0C800081E56D /* Logger.swift */ = {isa = PBXFileReference; lastKnownFileType = sourcecode.swift; path = Logger.swift; sourceTree = "<group>"; };
		9E1C12352DFB2F950081E56D /* ContractCallParams.swift */ = {isa = PBXFileReference; lastKnownFileType = sourcecode.swift; path = ContractCallParams.swift; sourceTree = "<group>"; };
		9E1C12372DFB33980081E56D /* BlendParser.swift */ = {isa = PBXFileReference; lastKnownFileType = sourcecode.swift; path = BlendParser.swift; sourceTree = "<group>"; };
		9E1C12382DFB33980081E56D /* BlendParsingContext.swift */ = {isa = PBXFileReference; lastKnownFileType = sourcecode.swift; path = BlendParsingContext.swift; sourceTree = "<group>"; };
		9E1C12392DFB33980081E56D /* BlendParsingError.swift */ = {isa = PBXFileReference; lastKnownFileType = sourcecode.swift; path = BlendParsingError.swift; sourceTree = "<group>"; };
		9E1C123A2DFB33980081E56D /* SCValXDRExtensions.swift */ = {isa = PBXFileReference; lastKnownFileType = sourcecode.swift; path = SCValXDRExtensions.swift; sourceTree = "<group>"; };
		9E1C123B2DFB33980081E56D /* SCValXDRParsingDemo.swift */ = {isa = PBXFileReference; lastKnownFileType = sourcecode.swift; path = SCValXDRParsingDemo.swift; sourceTree = "<group>"; };
		9E1C12422DFB33A70081E56D /* SimulateHostFunctionResult.swift */ = {isa = PBXFileReference; lastKnownFileType = sourcecode.swift; path = SimulateHostFunctionResult.swift; sourceTree = "<group>"; };
		9E1C12432DFB33A70081E56D /* SimulateTransactionResponse.swift */ = {isa = PBXFileReference; lastKnownFileType = sourcecode.swift; path = SimulateTransactionResponse.swift; sourceTree = "<group>"; };
		9E1C12442DFB33A70081E56D /* SimulateTransactionResult.swift */ = {isa = PBXFileReference; lastKnownFileType = sourcecode.swift; path = SimulateTransactionResult.swift; sourceTree = "<group>"; };
		9E7C24262DEAAAB5007C181D /* BlendFinancialCalculator.swift */ = {isa = PBXFileReference; lastKnownFileType = sourcecode.swift; path = BlendFinancialCalculator.swift; sourceTree = "<group>"; };
		9E7C242B2DEAAE0D007C181D /* BackstopContractService+Functions.swift */ = {isa = PBXFileReference; lastKnownFileType = sourcecode.swift; path = "BackstopContractService+Functions.swift"; sourceTree = "<group>"; };
		9E7C242C2DEAAE0D007C181D /* BackstopContractService+Parsing.swift */ = {isa = PBXFileReference; lastKnownFileType = sourcecode.swift; path = "BackstopContractService+Parsing.swift"; sourceTree = "<group>"; };
		9E7C242D2DEAAE0D007C181D /* BackstopContractService+Utils.swift */ = {isa = PBXFileReference; lastKnownFileType = sourcecode.swift; path = "BackstopContractService+Utils.swift"; sourceTree = "<group>"; };
		9E7C242F2DEAAE0D007C181D /* BackstopModels.swift */ = {isa = PBXFileReference; lastKnownFileType = sourcecode.swift; path = BackstopModels.swift; sourceTree = "<group>"; };
		9E7C24312DEAAE0D007C181D /* BackstopContractServiceProtocol.swift */ = {isa = PBXFileReference; lastKnownFileType = sourcecode.swift; path = BackstopContractServiceProtocol.swift; sourceTree = "<group>"; };
		9E7C24332DEAAE0D007C181D /* BackstopContractService.swift */ = {isa = PBXFileReference; lastKnownFileType = sourcecode.swift; path = BackstopContractService.swift; sourceTree = "<group>"; };
		9E7C24352DEAAE0D007C181D /* README.md */ = {isa = PBXFileReference; lastKnownFileType = net.daringfireball.markdown; path = README.md; sourceTree = "<group>"; };
		9E93884D2DF3519B0015BE14 /* CacheServiceProtocol.swift */ = {isa = PBXFileReference; lastKnownFileType = sourcecode.swift; path = CacheServiceProtocol.swift; sourceTree = "<group>"; };
		9E93884F2DF353730015BE14 /* BlendVaultError.swift */ = {isa = PBXFileReference; lastKnownFileType = sourcecode.swift; path = BlendVaultError.swift; sourceTree = "<group>"; };
		9E9781932DE68E6C009333AD /* RetryConfiguration.swift */ = {isa = PBXFileReference; lastKnownFileType = sourcecode.swift; path = RetryConfiguration.swift; sourceTree = "<group>"; };
		9E9781942DE68E6C009333AD /* TimeoutConfiguration.swift */ = {isa = PBXFileReference; lastKnownFileType = sourcecode.swift; path = TimeoutConfiguration.swift; sourceTree = "<group>"; };
		9E9781B02DE68F7F009333AD /* BlendVault.swift */ = {isa = PBXFileReference; lastKnownFileType = sourcecode.swift; path = BlendVault.swift; sourceTree = "<group>"; };
		9EA449CC2DF0FF3C00F6CC6D /* UserPositionService.swift */ = {isa = PBXFileReference; lastKnownFileType = sourcecode.swift; path = UserPositionService.swift; sourceTree = "<group>"; };
		9EA449CD2DF0FF3C00F6CC6D /* UserPositionServiceFactory.swift */ = {isa = PBXFileReference; lastKnownFileType = sourcecode.swift; path = UserPositionServiceFactory.swift; sourceTree = "<group>"; };
		9EA449CE2DF0FF3C00F6CC6D /* UserPositionServiceProtocol.swift */ = {isa = PBXFileReference; lastKnownFileType = sourcecode.swift; path = UserPositionServiceProtocol.swift; sourceTree = "<group>"; };
		9EAD3EEC2DF7BDF600029CE7 /* SorobanTypes.swift */ = {isa = PBXFileReference; lastKnownFileType = sourcecode.swift; path = SorobanTypes.swift; sourceTree = "<group>"; };
		9EAD3EEE2DF7D1F000029CE7 /* OracleContractFunction.swift */ = {isa = PBXFileReference; lastKnownFileType = sourcecode.swift; path = OracleContractFunction.swift; sourceTree = "<group>"; };
		9EAD3EEF2DF7D1F000029CE7 /* OracleNetworkService.swift */ = {isa = PBXFileReference; lastKnownFileType = sourcecode.swift; path = OracleNetworkService.swift; sourceTree = "<group>"; };
		9EAD3EF52DF7D31400029CE7 /* NetworkServiceProtocol.swift */ = {isa = PBXFileReference; lastKnownFileType = sourcecode.swift; path = NetworkServiceProtocol.swift; sourceTree = "<group>"; };
		9ED8DAA92DE5240300CB0059 /* blend_protocol_technical_analysis.md */ = {isa = PBXFileReference; lastKnownFileType = net.daringfireball.markdown; path = blend_protocol_technical_analysis.md; sourceTree = "<group>"; };
		9ED8DAAC2DE5240300CB0059 /* BlendApp.swift */ = {isa = PBXFileReference; lastKnownFileType = sourcecode.swift; path = BlendApp.swift; sourceTree = "<group>"; };
		9ED8DAAF2DE5240300CB0059 /* BlendOracleService.swift */ = {isa = PBXFileReference; lastKnownFileType = sourcecode.swift; path = BlendOracleService.swift; sourceTree = "<group>"; };
		9ED8DAB02DE5240300CB0059 /* BlendOracleServiceProtocol.swift */ = {isa = PBXFileReference; lastKnownFileType = sourcecode.swift; path = BlendOracleServiceProtocol.swift; sourceTree = "<group>"; };
		9ED8DAB32DE5240300CB0059 /* BlendRateCalculator.swift */ = {isa = PBXFileReference; lastKnownFileType = sourcecode.swift; path = BlendRateCalculator.swift; sourceTree = "<group>"; };
		9ED8DAB42DE5240300CB0059 /* BlendRateCalculatorProtocol.swift */ = {isa = PBXFileReference; lastKnownFileType = sourcecode.swift; path = BlendRateCalculatorProtocol.swift; sourceTree = "<group>"; };
		9ED8DAB72DE5240300CB0059 /* BlendConstants.swift */ = {isa = PBXFileReference; lastKnownFileType = sourcecode.swift; path = BlendConstants.swift; sourceTree = "<group>"; };
		9ED8DAB92DE5240300CB0059 /* Blendv3App.swift */ = {isa = PBXFileReference; lastKnownFileType = sourcecode.swift; path = Blendv3App.swift; sourceTree = "<group>"; };
		9ED8DABB2DE5240300CB0059 /* CacheService.swift */ = {isa = PBXFileReference; lastKnownFileType = sourcecode.swift; path = CacheService.swift; sourceTree = "<group>"; };
		9ED8DABD2DE5240300CB0059 /* DataAvailabilityAnalysis.md */ = {isa = PBXFileReference; lastKnownFileType = net.daringfireball.markdown; path = DataAvailabilityAnalysis.md; sourceTree = "<group>"; };
		9ED8DABE2DE5240300CB0059 /* DebugLogView.swift */ = {isa = PBXFileReference; lastKnownFileType = sourcecode.swift; path = DebugLogView.swift; sourceTree = "<group>"; };
		9ED8DAC22DE5240300CB0059 /* DEVELOPER_QUICK_START.md */ = {isa = PBXFileReference; lastKnownFileType = net.daringfireball.markdown; path = DEVELOPER_QUICK_START.md; sourceTree = "<group>"; };
		9ED8DAC52DE5240300CB0059 /* FixedMath.swift */ = {isa = PBXFileReference; lastKnownFileType = sourcecode.swift; path = FixedMath.swift; sourceTree = "<group>"; };
		9ED8DAC62DE5240300CB0059 /* IMPLEMENTATION_SUMMARY.md */ = {isa = PBXFileReference; lastKnownFileType = net.daringfireball.markdown; path = IMPLEMENTATION_SUMMARY.md; sourceTree = "<group>"; };
		9ED8DAC92DE5240300CB0059 /* NetworkService.swift */ = {isa = PBXFileReference; lastKnownFileType = sourcecode.swift; path = NetworkService.swift; sourceTree = "<group>"; };
		9ED8DACB2DE5240300CB0059 /* POOL_STATS_GUIDE.md */ = {isa = PBXFileReference; lastKnownFileType = net.daringfireball.markdown; path = POOL_STATS_GUIDE.md; sourceTree = "<group>"; };
		9ED8DACC2DE5240300CB0059 /* POOL_STATS_IMPLEMENTATION_PLAN.md */ = {isa = PBXFileReference; lastKnownFileType = net.daringfireball.markdown; path = POOL_STATS_IMPLEMENTATION_PLAN.md; sourceTree = "<group>"; };
		9ED8DACF2DE5240300CB0059 /* Preview Assets.xcassets */ = {isa = PBXFileReference; lastKnownFileType = folder.assetcatalog; path = "Preview Assets.xcassets"; sourceTree = "<group>"; };
		9ED8DADD2DE5240300CB0059 /* SmartContractDebugSystem-README.md */ = {isa = PBXFileReference; lastKnownFileType = net.daringfireball.markdown; path = "SmartContractDebugSystem-README.md"; sourceTree = "<group>"; };
		9ED8DAE32DE5240300CB0059 /* SmartContractExplorer-README.md */ = {isa = PBXFileReference; lastKnownFileType = net.daringfireball.markdown; path = "SmartContractExplorer-README.md"; sourceTree = "<group>"; };
		9ED8DAE72DE5240300CB0059 /* SmartContractInspector-README.md */ = {isa = PBXFileReference; lastKnownFileType = net.daringfireball.markdown; path = "SmartContractInspector-README.md"; sourceTree = "<group>"; };
		9ED8DB4F2DE5426500CB0059 /* BackstopStatus.swift */ = {isa = PBXFileReference; lastKnownFileType = sourcecode.swift; path = BackstopStatus.swift; sourceTree = "<group>"; };
		9ED8DB642DE5458200CB0059 /* InterestRateConfig.swift */ = {isa = PBXFileReference; lastKnownFileType = sourcecode.swift; path = InterestRateConfig.swift; sourceTree = "<group>"; };
		9ED8DB662DE54FCA00CB0059 /* StellarContractID.swift */ = {isa = PBXFileReference; lastKnownFileType = sourcecode.swift; path = StellarContractID.swift; sourceTree = "<group>"; };
		9EDE64F82DE7035400B63E09 /* PriceData.swift */ = {isa = PBXFileReference; lastKnownFileType = sourcecode.swift; path = PriceData.swift; sourceTree = "<group>"; };
		9EDE64FC2DE7038C00B63E09 /* PoolConfig.swift */ = {isa = PBXFileReference; lastKnownFileType = sourcecode.swift; path = PoolConfig.swift; sourceTree = "<group>"; };
		9EDE64FE2DE703A100B63E09 /* AssetPosition.swift */ = {isa = PBXFileReference; lastKnownFileType = sourcecode.swift; path = AssetPosition.swift; sourceTree = "<group>"; };
		9EDE65002DE703B600B63E09 /* OraclePrice.swift */ = {isa = PBXFileReference; lastKnownFileType = sourcecode.swift; path = OraclePrice.swift; sourceTree = "<group>"; };
		9EDE65022DE703CF00B63E09 /* UserPositionData.swift */ = {isa = PBXFileReference; lastKnownFileType = sourcecode.swift; path = UserPositionData.swift; sourceTree = "<group>"; };
		9EDE650E2DE712A200B63E09 /* OracleAsset.swift */ = {isa = PBXFileReference; lastKnownFileType = sourcecode.swift; path = OracleAsset.swift; sourceTree = "<group>"; };
		9EDE650F2DE712A200B63E09 /* OracleError.swift */ = {isa = PBXFileReference; lastKnownFileType = sourcecode.swift; path = OracleError.swift; sourceTree = "<group>"; };
		9EDE65142DE729DD00B63E09 /* SorobanTransactionSimulator.swift */ = {isa = PBXFileReference; lastKnownFileType = sourcecode.swift; path = SorobanTransactionSimulator.swift; sourceTree = "<group>"; };
		9EDE651E2DE773DB00B63E09 /* PoolService.swift */ = {isa = PBXFileReference; lastKnownFileType = sourcecode.swift; path = PoolService.swift; sourceTree = "<group>"; };
		9EDE65202DE9220B00B63E09 /* BlendAssetData.swift */ = {isa = PBXFileReference; lastKnownFileType = sourcecode.swift; path = BlendAssetData.swift; sourceTree = "<group>"; };
		9EDE65222DE9225400B63E09 /* BlendParser1.swift */ = {isa = PBXFileReference; lastKnownFileType = sourcecode.swift; path = BlendParser1.swift; sourceTree = "<group>"; };
		9EDE65242DE9246000B63E09 /* BlendAssetService.swift */ = {isa = PBXFileReference; lastKnownFileType = sourcecode.swift; path = BlendAssetService.swift; sourceTree = "<group>"; };
		9EDE65262DE9338D00B63E09 /* PoolServiceProtocol.swift */ = {isa = PBXFileReference; lastKnownFileType = sourcecode.swift; path = PoolServiceProtocol.swift; sourceTree = "<group>"; };
		9EE4A0E92DDFB939004BD597 /* Blendv3.app */ = {isa = PBXFileReference; explicitFileType = wrapper.application; includeInIndex = 0; path = Blendv3.app; sourceTree = BUILT_PRODUCTS_DIR; };
		9EE4A0F92DDFB93A004BD597 /* Blendv3Tests.xctest */ = {isa = PBXFileReference; explicitFileType = wrapper.cfbundle; includeInIndex = 0; path = Blendv3Tests.xctest; sourceTree = BUILT_PRODUCTS_DIR; };
		9EE4A1032DDFB93A004BD597 /* Blendv3UITests.xctest */ = {isa = PBXFileReference; explicitFileType = wrapper.cfbundle; includeInIndex = 0; path = Blendv3UITests.xctest; sourceTree = BUILT_PRODUCTS_DIR; };
/* End PBXFileReference section */

/* Begin PBXFileSystemSynchronizedBuildFileExceptionSet section */
		9EDE651C2DE72F6B00B63E09 /* Exceptions for "Blendv3Tests" folder in "Blendv3" target */ = {
			isa = PBXFileSystemSynchronizedBuildFileExceptionSet;
			membershipExceptions = (
				Services/SorobanServerProtocol.swift,
			);
			target = 9EE4A0E82DDFB939004BD597 /* Blendv3 */;
		};
		9EDE651D2DE72F6B00B63E09 /* Exceptions for "Blendv3Tests" folder in "Blendv3Tests" target */ = {
			isa = PBXFileSystemSynchronizedBuildFileExceptionSet;
			membershipExceptions = (
				Services/SorobanServerProtocol.swift,
			);
			target = 9EE4A0F82DDFB93A004BD597 /* Blendv3Tests */;
		};
/* End PBXFileSystemSynchronizedBuildFileExceptionSet section */

/* Begin PBXFileSystemSynchronizedRootGroup section */
		9EE4A0FC2DDFB93A004BD597 /* Blendv3Tests */ = {
			isa = PBXFileSystemSynchronizedRootGroup;
			exceptions = (
				9EDE651C2DE72F6B00B63E09 /* Exceptions for "Blendv3Tests" folder in "Blendv3" target */,
				9EDE651D2DE72F6B00B63E09 /* Exceptions for "Blendv3Tests" folder in "Blendv3Tests" target */,
			);
			path = Blendv3Tests;
			sourceTree = "<group>";
		};
		9EE4A1062DDFB93A004BD597 /* Blendv3UITests */ = {
			isa = PBXFileSystemSynchronizedRootGroup;
			path = Blendv3UITests;
			sourceTree = "<group>";
		};
/* End PBXFileSystemSynchronizedRootGroup section */

/* Begin PBXFrameworksBuildPhase section */
		9EE4A0E62DDFB939004BD597 /* Frameworks */ = {
			isa = PBXFrameworksBuildPhase;
			buildActionMask = 2147483647;
			files = (
				9ECC79BA2DDFF32A00530B03 /* stellarsdk in Frameworks */,
				9E9388532DF745190015BE14 /* stellarsdk in Frameworks */,
			);
			runOnlyForDeploymentPostprocessing = 0;
		};
		9EE4A0F62DDFB93A004BD597 /* Frameworks */ = {
			isa = PBXFrameworksBuildPhase;
			buildActionMask = 2147483647;
			files = (
			);
			runOnlyForDeploymentPostprocessing = 0;
		};
		9EE4A1002DDFB93A004BD597 /* Frameworks */ = {
			isa = PBXFrameworksBuildPhase;
			buildActionMask = 2147483647;
			files = (
			);
			runOnlyForDeploymentPostprocessing = 0;
		};
/* End PBXFrameworksBuildPhase section */

/* Begin PBXGroup section */
		9E1C104C2DFB077C0081E56D /* Models */ = {
			isa = PBXGroup;
			children = (
				9EAD3EEC2DF7BDF600029CE7 /* SorobanTypes.swift */,
				9E9781932DE68E6C009333AD /* RetryConfiguration.swift */,
				9E9781942DE68E6C009333AD /* TimeoutConfiguration.swift */,
			);
			path = Models;
			sourceTree = "<group>";
		};
		9E1C104F2DFB09360081E56D /* Models */ = {
			isa = PBXGroup;
			children = (
				9EDE64FE2DE703A100B63E09 /* AssetPosition.swift */,
				9EDE65022DE703CF00B63E09 /* UserPositionData.swift */,
			);
			path = Models;
			sourceTree = "<group>";
		};
		9E1C10502DFB09F80081E56D /* Calculator */ = {
			isa = PBXGroup;
			children = (
				9E1C10512DFB0A030081E56D /* Models */,
				9ED8DAB42DE5240300CB0059 /* BlendRateCalculatorProtocol.swift */,
			);
			path = Calculator;
			sourceTree = "<group>";
		};
		9E1C10512DFB0A030081E56D /* Models */ = {
			isa = PBXGroup;
			children = (
				9ED8DB642DE5458200CB0059 /* InterestRateConfig.swift */,
			);
			path = Models;
			sourceTree = "<group>";
		};
		9E1C10522DFB0A890081E56D /* Cache */ = {
			isa = PBXGroup;
			children = (
				9E93884D2DF3519B0015BE14 /* CacheServiceProtocol.swift */,
				9ED8DABB2DE5240300CB0059 /* CacheService.swift */,
			);
			path = Cache;
			sourceTree = "<group>";
		};
		9E1C12342DFB2F900081E56D /* Models */ = {
			isa = PBXGroup;
			children = (
				9E1C12352DFB2F950081E56D /* ContractCallParams.swift */,
			);
			path = Models;
			sourceTree = "<group>";
		};
		9E1C123C2DFB33980081E56D /* Parsing */ = {
			isa = PBXGroup;
			children = (
				9E1C12482DFB33AB0081E56D /* Models */,
				9E1C12422DFB33A70081E56D /* SimulateHostFunctionResult.swift */,
				9E1C12432DFB33A70081E56D /* SimulateTransactionResponse.swift */,
				9E1C12442DFB33A70081E56D /* SimulateTransactionResult.swift */,
				9E1C12372DFB33980081E56D /* BlendParser.swift */,
				9E1C12382DFB33980081E56D /* BlendParsingContext.swift */,
				9E1C12392DFB33980081E56D /* BlendParsingError.swift */,
				9E1C123A2DFB33980081E56D /* SCValXDRExtensions.swift */,
				9E1C123B2DFB33980081E56D /* SCValXDRParsingDemo.swift */,
			);
			path = Parsing;
			sourceTree = "<group>";
		};
		9E1C12482DFB33AB0081E56D /* Models */ = {
			isa = PBXGroup;
			children = (
			);
			path = Models;
			sourceTree = "<group>";
		};
		9E7C242E2DEAAE0D007C181D /* Extensions */ = {
			isa = PBXGroup;
			children = (
				9E7C242B2DEAAE0D007C181D /* BackstopContractService+Functions.swift */,
				9E7C242C2DEAAE0D007C181D /* BackstopContractService+Parsing.swift */,
				9E7C242D2DEAAE0D007C181D /* BackstopContractService+Utils.swift */,
			);
			path = Extensions;
			sourceTree = "<group>";
		};
		9E7C24302DEAAE0D007C181D /* Models */ = {
			isa = PBXGroup;
			children = (
				9ED8DB4F2DE5426500CB0059 /* BackstopStatus.swift */,
				9EDE64F82DE7035400B63E09 /* PriceData.swift */,
				9E7C242F2DEAAE0D007C181D /* BackstopModels.swift */,
				9EDE65002DE703B600B63E09 /* OraclePrice.swift */,
			);
			path = Models;
			sourceTree = "<group>";
		};
		9E7C24322DEAAE0D007C181D /* Protocols */ = {
			isa = PBXGroup;
			children = (
				9E7C24312DEAAE0D007C181D /* BackstopContractServiceProtocol.swift */,
			);
			path = Protocols;
			sourceTree = "<group>";
		};
		9E7C24342DEAAE0D007C181D /* Services */ = {
			isa = PBXGroup;
			children = (
				9E7C24332DEAAE0D007C181D /* BackstopContractService.swift */,
			);
			path = Services;
			sourceTree = "<group>";
		};
		9E7C24362DEAAE0D007C181D /* BackstopContract */ = {
			isa = PBXGroup;
			children = (
				9E7C242E2DEAAE0D007C181D /* Extensions */,
				9E7C24302DEAAE0D007C181D /* Models */,
				9E7C24322DEAAE0D007C181D /* Protocols */,
				9E7C24342DEAAE0D007C181D /* Services */,
				9E7C24352DEAAE0D007C181D /* README.md */,
			);
			path = BackstopContract;
			sourceTree = "<group>";
		};
		9E9781AF2DE68F7F009333AD /* Services */ = {
			isa = PBXGroup;
			children = (
				9E1C10522DFB0A890081E56D /* Cache */,
				9E1C10502DFB09F80081E56D /* Calculator */,
				9E9DA9BF2DFA966F009133E4 /* PoolService */,
				9E9DA9BD2DFA963A009133E4 /* Networking */,
				9E7C24362DEAAE0D007C181D /* BackstopContract */,
				9EAD3EF12DF7D1F000029CE7 /* Oracle */,
				9EA449CF2DF0FF3C00F6CC6D /* UserPosition */,
			);
			path = Services;
			sourceTree = "<group>";
		};
		9E9781B12DE68F7F009333AD /* Core */ = {
			isa = PBXGroup;
			children = (
				9E1C123C2DFB33980081E56D /* Parsing */,
				9ED8DB592DE5434300CB0059 /* Utilities */,
				9E9781AF2DE68F7F009333AD /* Services */,
				9E9781B02DE68F7F009333AD /* BlendVault.swift */,
			);
			path = Core;
			sourceTree = "<group>";
		};
		9E9DA9BD2DFA963A009133E4 /* Networking */ = {
			isa = PBXGroup;
			children = (
				9E1C104C2DFB077C0081E56D /* Models */,
				9EDE65142DE729DD00B63E09 /* SorobanTransactionSimulator.swift */,
				9EAD3EF52DF7D31400029CE7 /* NetworkServiceProtocol.swift */,
				9ED8DAC92DE5240300CB0059 /* NetworkService.swift */,
			);
			path = Networking;
			sourceTree = "<group>";
		};
		9E9DA9BF2DFA966F009133E4 /* PoolService */ = {
			isa = PBXGroup;
			children = (
				9E9DA9C02DFA9712009133E4 /* Models */,
				9EDE65262DE9338D00B63E09 /* PoolServiceProtocol.swift */,
				9EDE65242DE9246000B63E09 /* BlendAssetService.swift */,
				9EDE651E2DE773DB00B63E09 /* PoolService.swift */,
			);
			path = PoolService;
			sourceTree = "<group>";
		};
		9E9DA9C02DFA9712009133E4 /* Models */ = {
			isa = PBXGroup;
			children = (
				9EDE64FC2DE7038C00B63E09 /* PoolConfig.swift */,
				9EDE650E2DE712A200B63E09 /* OracleAsset.swift */,
				9EDE65202DE9220B00B63E09 /* BlendAssetData.swift */,
			);
			path = Models;
			sourceTree = "<group>";
		};
		9EA449CF2DF0FF3C00F6CC6D /* UserPosition */ = {
			isa = PBXGroup;
			children = (
				9E1C104F2DFB09360081E56D /* Models */,
				9EA449CE2DF0FF3C00F6CC6D /* UserPositionServiceProtocol.swift */,
				9EA449CC2DF0FF3C00F6CC6D /* UserPositionService.swift */,
				9EA449CD2DF0FF3C00F6CC6D /* UserPositionServiceFactory.swift */,
			);
			path = UserPosition;
			sourceTree = "<group>";
		};
		9EAD3EF12DF7D1F000029CE7 /* Oracle */ = {
			isa = PBXGroup;
			children = (
				9E1C12342DFB2F900081E56D /* Models */,
				9ED8DAB02DE5240300CB0059 /* BlendOracleServiceProtocol.swift */,
				9ED8DAAF2DE5240300CB0059 /* BlendOracleService.swift */,
				9EAD3EEE2DF7D1F000029CE7 /* OracleContractFunction.swift */,
				9EAD3EEF2DF7D1F000029CE7 /* OracleNetworkService.swift */,
			);
			path = Oracle;
			sourceTree = "<group>";
		};
		9ED8DA912DE5237F00CB0059 /* Blendv3 */ = {
			isa = PBXGroup;
			children = (
				9E9781B12DE68F7F009333AD /* Core */,
				9ED8DB602DE543FB00CB0059 /* Docs */,
				9ED8DAAC2DE5240300CB0059 /* BlendApp.swift */,
				9ED8DAB92DE5240300CB0059 /* Blendv3App.swift */,
				9ED8DABC2DE5240300CB0059 /* Constants */,
				9ED8DABE2DE5240300CB0059 /* DebugLogView.swift */,
				9ED8DACF2DE5240300CB0059 /* Preview Assets.xcassets */,
				9ED8DAD02DE5240300CB0059 /* Preview Content */,
			);
			path = Blendv3;
			sourceTree = "<group>";
		};
		9ED8DABC2DE5240300CB0059 /* Constants */ = {
			isa = PBXGroup;
			children = (
				9ED8DAB72DE5240300CB0059 /* BlendConstants.swift */,
			);
			path = Constants;
			sourceTree = "<group>";
		};
		9ED8DAD02DE5240300CB0059 /* Preview Content */ = {
			isa = PBXGroup;
			children = (
			);
			path = "Preview Content";
			sourceTree = "<group>";
		};
		9ED8DB592DE5434300CB0059 /* Utilities */ = {
			isa = PBXGroup;
			children = (
				9E1C10532DFB0C800081E56D /* Logger.swift */,
				9EDE650F2DE712A200B63E09 /* OracleError.swift */,
				9E1C104D2DFB08100081E56D /* BlendError.swift */,
				9E93884F2DF353730015BE14 /* BlendVaultError.swift */,
				9E7C24262DEAAAB5007C181D /* BlendFinancialCalculator.swift */,
				9EDE65222DE9225400B63E09 /* BlendParser1.swift */,
				9ED8DB662DE54FCA00CB0059 /* StellarContractID.swift */,
				9ED8DAC52DE5240300CB0059 /* FixedMath.swift */,
				9ED8DAB32DE5240300CB0059 /* BlendRateCalculator.swift */,
			);
			path = Utilities;
			sourceTree = "<group>";
		};
		9ED8DB602DE543FB00CB0059 /* Docs */ = {
			isa = PBXGroup;
			children = (
				9ED8DABD2DE5240300CB0059 /* DataAvailabilityAnalysis.md */,
				9ED8DAC22DE5240300CB0059 /* DEVELOPER_QUICK_START.md */,
				9ED8DADD2DE5240300CB0059 /* SmartContractDebugSystem-README.md */,
				9ED8DAE32DE5240300CB0059 /* SmartContractExplorer-README.md */,
				9ED8DAE72DE5240300CB0059 /* SmartContractInspector-README.md */,
				9ED8DAA92DE5240300CB0059 /* blend_protocol_technical_analysis.md */,
				9ED8DAC62DE5240300CB0059 /* IMPLEMENTATION_SUMMARY.md */,
				9ED8DACB2DE5240300CB0059 /* POOL_STATS_GUIDE.md */,
				9ED8DACC2DE5240300CB0059 /* POOL_STATS_IMPLEMENTATION_PLAN.md */,
			);
			path = Docs;
			sourceTree = "<group>";
		};
		9EE4A0E02DDFB939004BD597 = {
			isa = PBXGroup;
			children = (
				9ED8DA912DE5237F00CB0059 /* Blendv3 */,
				9EE4A0FC2DDFB93A004BD597 /* Blendv3Tests */,
				9EE4A1062DDFB93A004BD597 /* Blendv3UITests */,
				9EE4A0EA2DDFB939004BD597 /* Products */,
			);
			sourceTree = "<group>";
		};
		9EE4A0EA2DDFB939004BD597 /* Products */ = {
			isa = PBXGroup;
			children = (
				9EE4A0E92DDFB939004BD597 /* Blendv3.app */,
				9EE4A0F92DDFB93A004BD597 /* Blendv3Tests.xctest */,
				9EE4A1032DDFB93A004BD597 /* Blendv3UITests.xctest */,
			);
			name = Products;
			sourceTree = "<group>";
		};
/* End PBXGroup section */

/* Begin PBXNativeTarget section */
		9EE4A0E82DDFB939004BD597 /* Blendv3 */ = {
			isa = PBXNativeTarget;
			buildConfigurationList = 9EE4A10D2DDFB93A004BD597 /* Build configuration list for PBXNativeTarget "Blendv3" */;
			buildPhases = (
				9EE4A0E52DDFB939004BD597 /* Sources */,
				9EE4A0E62DDFB939004BD597 /* Frameworks */,
				9EE4A0E72DDFB939004BD597 /* Resources */,
			);
			buildRules = (
			);
			dependencies = (
			);
			name = Blendv3;
			packageProductDependencies = (
				9ECC79B92DDFF32A00530B03 /* stellarsdk */,
				9E9388522DF745190015BE14 /* stellarsdk */,
			);
			productName = Blendv3;
			productReference = 9EE4A0E92DDFB939004BD597 /* Blendv3.app */;
			productType = "com.apple.product-type.application";
		};
		9EE4A0F82DDFB93A004BD597 /* Blendv3Tests */ = {
			isa = PBXNativeTarget;
			buildConfigurationList = 9EE4A1102DDFB93A004BD597 /* Build configuration list for PBXNativeTarget "Blendv3Tests" */;
			buildPhases = (
				9EE4A0F52DDFB93A004BD597 /* Sources */,
				9EE4A0F62DDFB93A004BD597 /* Frameworks */,
				9EE4A0F72DDFB93A004BD597 /* Resources */,
			);
			buildRules = (
			);
			dependencies = (
				9EE4A0FB2DDFB93A004BD597 /* PBXTargetDependency */,
			);
			fileSystemSynchronizedGroups = (
				9EE4A0FC2DDFB93A004BD597 /* Blendv3Tests */,
			);
			name = Blendv3Tests;
			packageProductDependencies = (
			);
			productName = Blendv3Tests;
			productReference = 9EE4A0F92DDFB93A004BD597 /* Blendv3Tests.xctest */;
			productType = "com.apple.product-type.bundle.unit-test";
		};
		9EE4A1022DDFB93A004BD597 /* Blendv3UITests */ = {
			isa = PBXNativeTarget;
			buildConfigurationList = 9EE4A1132DDFB93A004BD597 /* Build configuration list for PBXNativeTarget "Blendv3UITests" */;
			buildPhases = (
				9EE4A0FF2DDFB93A004BD597 /* Sources */,
				9EE4A1002DDFB93A004BD597 /* Frameworks */,
				9EE4A1012DDFB93A004BD597 /* Resources */,
			);
			buildRules = (
			);
			dependencies = (
				9EE4A1052DDFB93A004BD597 /* PBXTargetDependency */,
			);
			fileSystemSynchronizedGroups = (
				9EE4A1062DDFB93A004BD597 /* Blendv3UITests */,
			);
			name = Blendv3UITests;
			packageProductDependencies = (
			);
			productName = Blendv3UITests;
			productReference = 9EE4A1032DDFB93A004BD597 /* Blendv3UITests.xctest */;
			productType = "com.apple.product-type.bundle.ui-testing";
		};
/* End PBXNativeTarget section */

/* Begin PBXProject section */
		9EE4A0E12DDFB939004BD597 /* Project object */ = {
			isa = PBXProject;
			attributes = {
				BuildIndependentTargetsInParallel = 1;
				LastSwiftUpdateCheck = 1620;
				LastUpgradeCheck = 1620;
				TargetAttributes = {
					9EE4A0E82DDFB939004BD597 = {
						CreatedOnToolsVersion = 16.2;
						LastSwiftMigration = 1620;
					};
					9EE4A0F82DDFB93A004BD597 = {
						CreatedOnToolsVersion = 16.2;
						TestTargetID = 9EE4A0E82DDFB939004BD597;
					};
					9EE4A1022DDFB93A004BD597 = {
						CreatedOnToolsVersion = 16.2;
						TestTargetID = 9EE4A0E82DDFB939004BD597;
					};
				};
			};
			buildConfigurationList = 9EE4A0E42DDFB939004BD597 /* Build configuration list for PBXProject "Blendv3" */;
			developmentRegion = en;
			hasScannedForEncodings = 0;
			knownRegions = (
				en,
				Base,
			);
			mainGroup = 9EE4A0E02DDFB939004BD597;
			minimizedProjectReferenceProxies = 1;
			packageReferences = (
				9E9388512DF745190015BE14 /* XCRemoteSwiftPackageReference "stellar-ios-mac-sdk" */,
			);
			preferredProjectObjectVersion = 77;
			productRefGroup = 9EE4A0EA2DDFB939004BD597 /* Products */;
			projectDirPath = "";
			projectRoot = "";
			targets = (
				9EE4A0E82DDFB939004BD597 /* Blendv3 */,
				9EE4A0F82DDFB93A004BD597 /* Blendv3Tests */,
				9EE4A1022DDFB93A004BD597 /* Blendv3UITests */,
			);
		};
/* End PBXProject section */

/* Begin PBXResourcesBuildPhase section */
		9EE4A0E72DDFB939004BD597 /* Resources */ = {
			isa = PBXResourcesBuildPhase;
			buildActionMask = 2147483647;
			files = (
				9ED8DB252DE5240300CB0059 /* SmartContractDebugSystem-README.md in Resources */,
				9ED8DB262DE5240300CB0059 /* DEVELOPER_QUICK_START.md in Resources */,
				9ED8DB282DE5240300CB0059 /* blend_protocol_technical_analysis.md in Resources */,
				9ED8DB2A2DE5240300CB0059 /* POOL_STATS_GUIDE.md in Resources */,
				9ED8DB2B2DE5240300CB0059 /* SmartContractInspector-README.md in Resources */,
				9ED8DB2D2DE5240300CB0059 /* IMPLEMENTATION_SUMMARY.md in Resources */,
				9E7C243D2DEAAE0D007C181D /* README.md in Resources */,
				9ED8DB2F2DE5240300CB0059 /* POOL_STATS_IMPLEMENTATION_PLAN.md in Resources */,
				9ED8DB312DE5240300CB0059 /* SmartContractExplorer-README.md in Resources */,
				9ED8DB322DE5240300CB0059 /* DataAvailabilityAnalysis.md in Resources */,
				9ED8DB342DE5240300CB0059 /* Preview Assets.xcassets in Resources */,
			);
			runOnlyForDeploymentPostprocessing = 0;
		};
		9EE4A0F72DDFB93A004BD597 /* Resources */ = {
			isa = PBXResourcesBuildPhase;
			buildActionMask = 2147483647;
			files = (
			);
			runOnlyForDeploymentPostprocessing = 0;
		};
		9EE4A1012DDFB93A004BD597 /* Resources */ = {
			isa = PBXResourcesBuildPhase;
			buildActionMask = 2147483647;
			files = (
			);
			runOnlyForDeploymentPostprocessing = 0;
		};
/* End PBXResourcesBuildPhase section */

/* Begin PBXSourcesBuildPhase section */
		9EE4A0E52DDFB939004BD597 /* Sources */ = {
			isa = PBXSourcesBuildPhase;
			buildActionMask = 2147483647;
			files = (
				9ED8DAF32DE5240300CB0059 /* BlendOracleService.swift in Sources */,
				9EDE64F92DE7035400B63E09 /* PriceData.swift in Sources */,
				9EDE65232DE9225900B63E09 /* BlendParser1.swift in Sources */,
				9ED8DAF62DE5240300CB0059 /* NetworkService.swift in Sources */,
				9EDE651F2DE773DB00B63E09 /* PoolService.swift in Sources */,
				9EDE65272DE9338D00B63E09 /* PoolServiceProtocol.swift in Sources */,
				9ED8DAF92DE5240300CB0059 /* BlendOracleServiceProtocol.swift in Sources */,
				9ED8DAFA2DE5240300CB0059 /* BlendApp.swift in Sources */,
				9EDE65212DE9220B00B63E09 /* BlendAssetData.swift in Sources */,
				9ED8DAFD2DE5240300CB0059 /* CacheService.swift in Sources */,
				9ED8DAFE2DE5240300CB0059 /* DebugLogView.swift in Sources */,
				9EAD3EF22DF7D1F000029CE7 /* OracleContractFunction.swift in Sources */,
				9EAD3EF42DF7D1F000029CE7 /* OracleNetworkService.swift in Sources */,
				9ED8DB672DE54FCA00CB0059 /* StellarContractID.swift in Sources */,
				9E97819E2DE68E6C009333AD /* RetryConfiguration.swift in Sources */,
				9EAD3EED2DF7BDF600029CE7 /* SorobanTypes.swift in Sources */,
				9E9781B22DE68F7F009333AD /* BlendVault.swift in Sources */,
				9EDE64FF2DE703A100B63E09 /* AssetPosition.swift in Sources */,
				9EA449D02DF0FF3C00F6CC6D /* UserPositionService.swift in Sources */,
				9E1C12362DFB2F950081E56D /* ContractCallParams.swift in Sources */,
				9EA449D12DF0FF3C00F6CC6D /* UserPositionServiceFactory.swift in Sources */,
				9EA449D22DF0FF3C00F6CC6D /* UserPositionServiceProtocol.swift in Sources */,
				9E7C24372DEAAE0D007C181D /* BackstopContractService+Functions.swift in Sources */,
				9E7C24382DEAAE0D007C181D /* BackstopContractServiceProtocol.swift in Sources */,
				9E1C12452DFB33A70081E56D /* SimulateTransactionResult.swift in Sources */,
				9E1C12462DFB33A70081E56D /* SimulateHostFunctionResult.swift in Sources */,
				9E1C12472DFB33A70081E56D /* SimulateTransactionResponse.swift in Sources */,
				9E7C24392DEAAE0D007C181D /* BackstopContractService+Parsing.swift in Sources */,
				9E7C243A2DEAAE0D007C181D /* BackstopContractService+Utils.swift in Sources */,
				9E7C243B2DEAAE0D007C181D /* BackstopContractService.swift in Sources */,
				9E7C243C2DEAAE0D007C181D /* BackstopModels.swift in Sources */,
				9E9388502DF353730015BE14 /* BlendVaultError.swift in Sources */,
				9E1C123D2DFB33980081E56D /* BlendParsingError.swift in Sources */,
				9E1C123E2DFB33980081E56D /* SCValXDRExtensions.swift in Sources */,
				9E1C123F2DFB33980081E56D /* SCValXDRParsingDemo.swift in Sources */,
				9E1C12402DFB33980081E56D /* BlendParsingContext.swift in Sources */,
				9E1C12412DFB33980081E56D /* BlendParser.swift in Sources */,
				9E9781A42DE68E6C009333AD /* TimeoutConfiguration.swift in Sources */,
				9ED8DB652DE5458200CB0059 /* InterestRateConfig.swift in Sources */,
				9EDE64FD2DE7038C00B63E09 /* PoolConfig.swift in Sources */,
				9E7C24272DEAAAB5007C181D /* BlendFinancialCalculator.swift in Sources */,
				9ED8DB502DE5426500CB0059 /* BackstopStatus.swift in Sources */,
				9EDE65012DE703B600B63E09 /* OraclePrice.swift in Sources */,
				9EAD3EF62DF7D31400029CE7 /* NetworkServiceProtocol.swift in Sources */,
				9ED8DB0D2DE5240300CB0059 /* BlendRateCalculatorProtocol.swift in Sources */,
				9EDE65152DE729DD00B63E09 /* SorobanTransactionSimulator.swift in Sources */,
				9ED8DB0E2DE5240300CB0059 /* FixedMath.swift in Sources */,
				9EDE65102DE712A200B63E09 /* OracleError.swift in Sources */,
				9EDE65112DE712A200B63E09 /* OracleAsset.swift in Sources */,
				9EDE65252DE9246700B63E09 /* BlendAssetService.swift in Sources */,
				9E1C10542DFB0C800081E56D /* Logger.swift in Sources */,
				9E93884E2DF3519B0015BE14 /* CacheServiceProtocol.swift in Sources */,
				9E1C104E2DFB08100081E56D /* BlendError.swift in Sources */,
				9ED8DB162DE5240300CB0059 /* Blendv3App.swift in Sources */,
				9ED8DB182DE5240300CB0059 /* BlendConstants.swift in Sources */,
				9EDE65032DE703CF00B63E09 /* UserPositionData.swift in Sources */,
				9ED8DB232DE5240300CB0059 /* BlendRateCalculator.swift in Sources */,
			);
			runOnlyForDeploymentPostprocessing = 0;
		};
		9EE4A0F52DDFB93A004BD597 /* Sources */ = {
			isa = PBXSourcesBuildPhase;
			buildActionMask = 2147483647;
			files = (
			);
			runOnlyForDeploymentPostprocessing = 0;
		};
		9EE4A0FF2DDFB93A004BD597 /* Sources */ = {
			isa = PBXSourcesBuildPhase;
			buildActionMask = 2147483647;
			files = (
			);
			runOnlyForDeploymentPostprocessing = 0;
		};
/* End PBXSourcesBuildPhase section */

/* Begin PBXTargetDependency section */
		9EE4A0FB2DDFB93A004BD597 /* PBXTargetDependency */ = {
			isa = PBXTargetDependency;
			target = 9EE4A0E82DDFB939004BD597 /* Blendv3 */;
			targetProxy = 9EE4A0FA2DDFB93A004BD597 /* PBXContainerItemProxy */;
		};
		9EE4A1052DDFB93A004BD597 /* PBXTargetDependency */ = {
			isa = PBXTargetDependency;
			target = 9EE4A0E82DDFB939004BD597 /* Blendv3 */;
			targetProxy = 9EE4A1042DDFB93A004BD597 /* PBXContainerItemProxy */;
		};
/* End PBXTargetDependency section */

/* Begin XCBuildConfiguration section */
		9EE4A10B2DDFB93A004BD597 /* Debug */ = {
			isa = XCBuildConfiguration;
			buildSettings = {
				ALWAYS_SEARCH_USER_PATHS = NO;
				ASSETCATALOG_COMPILER_GENERATE_SWIFT_ASSET_SYMBOL_EXTENSIONS = YES;
				CLANG_ANALYZER_NONNULL = YES;
				CLANG_ANALYZER_NUMBER_OBJECT_CONVERSION = YES_AGGRESSIVE;
				CLANG_CXX_LANGUAGE_STANDARD = "gnu++20";
				CLANG_ENABLE_MODULES = YES;
				CLANG_ENABLE_OBJC_ARC = YES;
				CLANG_ENABLE_OBJC_WEAK = YES;
				CLANG_WARN_BLOCK_CAPTURE_AUTORELEASING = YES;
				CLANG_WARN_BOOL_CONVERSION = YES;
				CLANG_WARN_COMMA = YES;
				CLANG_WARN_CONSTANT_CONVERSION = YES;
				CLANG_WARN_DEPRECATED_OBJC_IMPLEMENTATIONS = YES;
				CLANG_WARN_DIRECT_OBJC_ISA_USAGE = YES_ERROR;
				CLANG_WARN_DOCUMENTATION_COMMENTS = YES;
				CLANG_WARN_EMPTY_BODY = YES;
				CLANG_WARN_ENUM_CONVERSION = YES;
				CLANG_WARN_INFINITE_RECURSION = YES;
				CLANG_WARN_INT_CONVERSION = YES;
				CLANG_WARN_NON_LITERAL_NULL_CONVERSION = YES;
				CLANG_WARN_OBJC_IMPLICIT_RETAIN_SELF = YES;
				CLANG_WARN_OBJC_LITERAL_CONVERSION = YES;
				CLANG_WARN_OBJC_ROOT_CLASS = YES_ERROR;
				CLANG_WARN_QUOTED_INCLUDE_IN_FRAMEWORK_HEADER = YES;
				CLANG_WARN_RANGE_LOOP_ANALYSIS = YES;
				CLANG_WARN_STRICT_PROTOTYPES = YES;
				CLANG_WARN_SUSPICIOUS_MOVE = YES;
				CLANG_WARN_UNGUARDED_AVAILABILITY = YES_AGGRESSIVE;
				CLANG_WARN_UNREACHABLE_CODE = YES;
				CLANG_WARN__DUPLICATE_METHOD_MATCH = YES;
				COPY_PHASE_STRIP = NO;
				DEBUG_INFORMATION_FORMAT = dwarf;
				ENABLE_STRICT_OBJC_MSGSEND = YES;
				ENABLE_TESTABILITY = YES;
				ENABLE_USER_SCRIPT_SANDBOXING = YES;
				GCC_C_LANGUAGE_STANDARD = gnu17;
				GCC_DYNAMIC_NO_PIC = NO;
				GCC_NO_COMMON_BLOCKS = YES;
				GCC_OPTIMIZATION_LEVEL = 0;
				GCC_PREPROCESSOR_DEFINITIONS = (
					"DEBUG=1",
					"$(inherited)",
				);
				GCC_WARN_64_TO_32_BIT_CONVERSION = YES;
				GCC_WARN_ABOUT_RETURN_TYPE = YES_ERROR;
				GCC_WARN_UNDECLARED_SELECTOR = YES;
				GCC_WARN_UNINITIALIZED_AUTOS = YES_AGGRESSIVE;
				GCC_WARN_UNUSED_FUNCTION = YES;
				GCC_WARN_UNUSED_VARIABLE = YES;
				IPHONEOS_DEPLOYMENT_TARGET = 18.2;
				LOCALIZATION_PREFERS_STRING_CATALOGS = YES;
				MTL_ENABLE_DEBUG_INFO = INCLUDE_SOURCE;
				MTL_FAST_MATH = YES;
				ONLY_ACTIVE_ARCH = YES;
				SDKROOT = iphoneos;
				SWIFT_ACTIVE_COMPILATION_CONDITIONS = "DEBUG $(inherited)";
				SWIFT_OPTIMIZATION_LEVEL = "-Onone";
			};
			name = Debug;
		};
		9EE4A10C2DDFB93A004BD597 /* Release */ = {
			isa = XCBuildConfiguration;
			buildSettings = {
				ALWAYS_SEARCH_USER_PATHS = NO;
				ASSETCATALOG_COMPILER_GENERATE_SWIFT_ASSET_SYMBOL_EXTENSIONS = YES;
				CLANG_ANALYZER_NONNULL = YES;
				CLANG_ANALYZER_NUMBER_OBJECT_CONVERSION = YES_AGGRESSIVE;
				CLANG_CXX_LANGUAGE_STANDARD = "gnu++20";
				CLANG_ENABLE_MODULES = YES;
				CLANG_ENABLE_OBJC_ARC = YES;
				CLANG_ENABLE_OBJC_WEAK = YES;
				CLANG_WARN_BLOCK_CAPTURE_AUTORELEASING = YES;
				CLANG_WARN_BOOL_CONVERSION = YES;
				CLANG_WARN_COMMA = YES;
				CLANG_WARN_CONSTANT_CONVERSION = YES;
				CLANG_WARN_DEPRECATED_OBJC_IMPLEMENTATIONS = YES;
				CLANG_WARN_DIRECT_OBJC_ISA_USAGE = YES_ERROR;
				CLANG_WARN_DOCUMENTATION_COMMENTS = YES;
				CLANG_WARN_EMPTY_BODY = YES;
				CLANG_WARN_ENUM_CONVERSION = YES;
				CLANG_WARN_INFINITE_RECURSION = YES;
				CLANG_WARN_INT_CONVERSION = YES;
				CLANG_WARN_NON_LITERAL_NULL_CONVERSION = YES;
				CLANG_WARN_OBJC_IMPLICIT_RETAIN_SELF = YES;
				CLANG_WARN_OBJC_LITERAL_CONVERSION = YES;
				CLANG_WARN_OBJC_ROOT_CLASS = YES_ERROR;
				CLANG_WARN_QUOTED_INCLUDE_IN_FRAMEWORK_HEADER = YES;
				CLANG_WARN_RANGE_LOOP_ANALYSIS = YES;
				CLANG_WARN_STRICT_PROTOTYPES = YES;
				CLANG_WARN_SUSPICIOUS_MOVE = YES;
				CLANG_WARN_UNGUARDED_AVAILABILITY = YES_AGGRESSIVE;
				CLANG_WARN_UNREACHABLE_CODE = YES;
				CLANG_WARN__DUPLICATE_METHOD_MATCH = YES;
				COPY_PHASE_STRIP = NO;
				DEBUG_INFORMATION_FORMAT = "dwarf-with-dsym";
				ENABLE_NS_ASSERTIONS = NO;
				ENABLE_STRICT_OBJC_MSGSEND = YES;
				ENABLE_USER_SCRIPT_SANDBOXING = YES;
				GCC_C_LANGUAGE_STANDARD = gnu17;
				GCC_NO_COMMON_BLOCKS = YES;
				GCC_WARN_64_TO_32_BIT_CONVERSION = YES;
				GCC_WARN_ABOUT_RETURN_TYPE = YES_ERROR;
				GCC_WARN_UNDECLARED_SELECTOR = YES;
				GCC_WARN_UNINITIALIZED_AUTOS = YES_AGGRESSIVE;
				GCC_WARN_UNUSED_FUNCTION = YES;
				GCC_WARN_UNUSED_VARIABLE = YES;
				IPHONEOS_DEPLOYMENT_TARGET = 18.2;
				LOCALIZATION_PREFERS_STRING_CATALOGS = YES;
				MTL_ENABLE_DEBUG_INFO = NO;
				MTL_FAST_MATH = YES;
				SDKROOT = iphoneos;
				SWIFT_COMPILATION_MODE = wholemodule;
				VALIDATE_PRODUCT = YES;
			};
			name = Release;
		};
		9EE4A10E2DDFB93A004BD597 /* Debug */ = {
			isa = XCBuildConfiguration;
			buildSettings = {
				ASSETCATALOG_COMPILER_APPICON_NAME = AppIcon;
				ASSETCATALOG_COMPILER_GLOBAL_ACCENT_COLOR_NAME = AccentColor;
				CLANG_ENABLE_MODULES = YES;
				CODE_SIGN_STYLE = Automatic;
				CURRENT_PROJECT_VERSION = 1;
				DEVELOPMENT_ASSET_PATHS = "\"Blendv3/Preview Content\"";
				DEVELOPMENT_TEAM = 5V273URY46;
				ENABLE_PREVIEWS = YES;
				GENERATE_INFOPLIST_FILE = YES;
				INFOPLIST_KEY_UIApplicationSceneManifest_Generation = YES;
				INFOPLIST_KEY_UIApplicationSupportsIndirectInputEvents = YES;
				INFOPLIST_KEY_UILaunchScreen_Generation = YES;
				INFOPLIST_KEY_UISupportedInterfaceOrientations_iPad = "UIInterfaceOrientationPortrait UIInterfaceOrientationPortraitUpsideDown UIInterfaceOrientationLandscapeLeft UIInterfaceOrientationLandscapeRight";
				INFOPLIST_KEY_UISupportedInterfaceOrientations_iPhone = "UIInterfaceOrientationPortrait UIInterfaceOrientationLandscapeLeft UIInterfaceOrientationLandscapeRight";
				LD_RUNPATH_SEARCH_PATHS = (
					"$(inherited)",
					"@executable_path/Frameworks",
				);
				MARKETING_VERSION = 1.0;
				PRODUCT_BUNDLE_IDENTIFIER = com.beebop.peerTopeer.Blendv3;
				PRODUCT_NAME = "$(TARGET_NAME)";
				SWIFT_EMIT_LOC_STRINGS = YES;
				SWIFT_OPTIMIZATION_LEVEL = "-Onone";
				SWIFT_VERSION = 5.0;
				TARGETED_DEVICE_FAMILY = "1,2";
			};
			name = Debug;
		};
		9EE4A10F2DDFB93A004BD597 /* Release */ = {
			isa = XCBuildConfiguration;
			buildSettings = {
				ASSETCATALOG_COMPILER_APPICON_NAME = AppIcon;
				ASSETCATALOG_COMPILER_GLOBAL_ACCENT_COLOR_NAME = AccentColor;
				CLANG_ENABLE_MODULES = YES;
				CODE_SIGN_STYLE = Automatic;
				CURRENT_PROJECT_VERSION = 1;
				DEVELOPMENT_ASSET_PATHS = "\"Blendv3/Preview Content\"";
				DEVELOPMENT_TEAM = 5V273URY46;
				ENABLE_PREVIEWS = YES;
				GENERATE_INFOPLIST_FILE = YES;
				INFOPLIST_KEY_UIApplicationSceneManifest_Generation = YES;
				INFOPLIST_KEY_UIApplicationSupportsIndirectInputEvents = YES;
				INFOPLIST_KEY_UILaunchScreen_Generation = YES;
				INFOPLIST_KEY_UISupportedInterfaceOrientations_iPad = "UIInterfaceOrientationPortrait UIInterfaceOrientationPortraitUpsideDown UIInterfaceOrientationLandscapeLeft UIInterfaceOrientationLandscapeRight";
				INFOPLIST_KEY_UISupportedInterfaceOrientations_iPhone = "UIInterfaceOrientationPortrait UIInterfaceOrientationLandscapeLeft UIInterfaceOrientationLandscapeRight";
				LD_RUNPATH_SEARCH_PATHS = (
					"$(inherited)",
					"@executable_path/Frameworks",
				);
				MARKETING_VERSION = 1.0;
				PRODUCT_BUNDLE_IDENTIFIER = com.beebop.peerTopeer.Blendv3;
				PRODUCT_NAME = "$(TARGET_NAME)";
				SWIFT_EMIT_LOC_STRINGS = YES;
				SWIFT_VERSION = 5.0;
				TARGETED_DEVICE_FAMILY = "1,2";
			};
			name = Release;
		};
		9EE4A1112DDFB93A004BD597 /* Debug */ = {
			isa = XCBuildConfiguration;
			buildSettings = {
				BUNDLE_LOADER = "$(TEST_HOST)";
				CODE_SIGN_STYLE = Automatic;
				CURRENT_PROJECT_VERSION = 1;
				DEVELOPMENT_TEAM = 5V273URY46;
				GENERATE_INFOPLIST_FILE = YES;
				IPHONEOS_DEPLOYMENT_TARGET = 18.2;
				MARKETING_VERSION = 1.0;
				PRODUCT_BUNDLE_IDENTIFIER = com.beebop.peerTopeer.Blendv3Tests;
				PRODUCT_NAME = "$(TARGET_NAME)";
				SWIFT_EMIT_LOC_STRINGS = NO;
				SWIFT_VERSION = 5.0;
				TARGETED_DEVICE_FAMILY = "1,2";
				TEST_HOST = "$(BUILT_PRODUCTS_DIR)/Blendv3.app/$(BUNDLE_EXECUTABLE_FOLDER_PATH)/Blendv3";
			};
			name = Debug;
		};
		9EE4A1122DDFB93A004BD597 /* Release */ = {
			isa = XCBuildConfiguration;
			buildSettings = {
				BUNDLE_LOADER = "$(TEST_HOST)";
				CODE_SIGN_STYLE = Automatic;
				CURRENT_PROJECT_VERSION = 1;
				DEVELOPMENT_TEAM = 5V273URY46;
				GENERATE_INFOPLIST_FILE = YES;
				IPHONEOS_DEPLOYMENT_TARGET = 18.2;
				MARKETING_VERSION = 1.0;
				PRODUCT_BUNDLE_IDENTIFIER = com.beebop.peerTopeer.Blendv3Tests;
				PRODUCT_NAME = "$(TARGET_NAME)";
				SWIFT_EMIT_LOC_STRINGS = NO;
				SWIFT_VERSION = 5.0;
				TARGETED_DEVICE_FAMILY = "1,2";
				TEST_HOST = "$(BUILT_PRODUCTS_DIR)/Blendv3.app/$(BUNDLE_EXECUTABLE_FOLDER_PATH)/Blendv3";
			};
			name = Release;
		};
		9EE4A1142DDFB93A004BD597 /* Debug */ = {
			isa = XCBuildConfiguration;
			buildSettings = {
				CODE_SIGN_STYLE = Automatic;
				CURRENT_PROJECT_VERSION = 1;
				DEVELOPMENT_TEAM = 5V273URY46;
				GENERATE_INFOPLIST_FILE = YES;
				MARKETING_VERSION = 1.0;
				PRODUCT_BUNDLE_IDENTIFIER = com.beebop.peerTopeer.Blendv3UITests;
				PRODUCT_NAME = "$(TARGET_NAME)";
				SWIFT_EMIT_LOC_STRINGS = NO;
				SWIFT_VERSION = 5.0;
				TARGETED_DEVICE_FAMILY = "1,2";
				TEST_TARGET_NAME = Blendv3;
			};
			name = Debug;
		};
		9EE4A1152DDFB93A004BD597 /* Release */ = {
			isa = XCBuildConfiguration;
			buildSettings = {
				CODE_SIGN_STYLE = Automatic;
				CURRENT_PROJECT_VERSION = 1;
				DEVELOPMENT_TEAM = 5V273URY46;
				GENERATE_INFOPLIST_FILE = YES;
				MARKETING_VERSION = 1.0;
				PRODUCT_BUNDLE_IDENTIFIER = com.beebop.peerTopeer.Blendv3UITests;
				PRODUCT_NAME = "$(TARGET_NAME)";
				SWIFT_EMIT_LOC_STRINGS = NO;
				SWIFT_VERSION = 5.0;
				TARGETED_DEVICE_FAMILY = "1,2";
				TEST_TARGET_NAME = Blendv3;
			};
			name = Release;
		};
/* End XCBuildConfiguration section */

/* Begin XCConfigurationList section */
		9EE4A0E42DDFB939004BD597 /* Build configuration list for PBXProject "Blendv3" */ = {
			isa = XCConfigurationList;
			buildConfigurations = (
				9EE4A10B2DDFB93A004BD597 /* Debug */,
				9EE4A10C2DDFB93A004BD597 /* Release */,
			);
			defaultConfigurationIsVisible = 0;
			defaultConfigurationName = Release;
		};
		9EE4A10D2DDFB93A004BD597 /* Build configuration list for PBXNativeTarget "Blendv3" */ = {
			isa = XCConfigurationList;
			buildConfigurations = (
				9EE4A10E2DDFB93A004BD597 /* Debug */,
				9EE4A10F2DDFB93A004BD597 /* Release */,
			);
			defaultConfigurationIsVisible = 0;
			defaultConfigurationName = Release;
		};
		9EE4A1102DDFB93A004BD597 /* Build configuration list for PBXNativeTarget "Blendv3Tests" */ = {
			isa = XCConfigurationList;
			buildConfigurations = (
				9EE4A1112DDFB93A004BD597 /* Debug */,
				9EE4A1122DDFB93A004BD597 /* Release */,
			);
			defaultConfigurationIsVisible = 0;
			defaultConfigurationName = Release;
		};
		9EE4A1132DDFB93A004BD597 /* Build configuration list for PBXNativeTarget "Blendv3UITests" */ = {
			isa = XCConfigurationList;
			buildConfigurations = (
				9EE4A1142DDFB93A004BD597 /* Debug */,
				9EE4A1152DDFB93A004BD597 /* Release */,
			);
			defaultConfigurationIsVisible = 0;
			defaultConfigurationName = Release;
		};
/* End XCConfigurationList section */

/* Begin XCRemoteSwiftPackageReference section */
		9E9388512DF745190015BE14 /* XCRemoteSwiftPackageReference "stellar-ios-mac-sdk" */ = {
			isa = XCRemoteSwiftPackageReference;
			repositoryURL = "https://github.com/Soneso/stellar-ios-mac-sdk";
			requirement = {
				kind = upToNextMajorVersion;
				minimumVersion = 3.1.0;
			};
		};
/* End XCRemoteSwiftPackageReference section */

/* Begin XCSwiftPackageProductDependency section */
		9E9388522DF745190015BE14 /* stellarsdk */ = {
			isa = XCSwiftPackageProductDependency;
			package = 9E9388512DF745190015BE14 /* XCRemoteSwiftPackageReference "stellar-ios-mac-sdk" */;
			productName = stellarsdk;
		};
		9ECC79B92DDFF32A00530B03 /* stellarsdk */ = {
			isa = XCSwiftPackageProductDependency;
			productName = stellarsdk;
		};
/* End XCSwiftPackageProductDependency section */
	};
	rootObject = 9EE4A0E12DDFB939004BD597 /* Project object */;
}
